
Microsoft Visual Studio Solution File, Format Version 12.00
# Visual Studio 15
VisualStudioVersion = 15.0.28307.136
MinimumVisualStudioVersion = 10.0.40219.1
Project("{8BC9CEB8-8B4A-11D0-8D11-00A0C91BC942}") = "ContinuousFractals", "ContinuousFractals\ContinuousFractals.vcxproj", "{2167B941-8A4D-4DBC-8FBA-A709FC1E4CC7}"
	ProjectSection(ProjectDependencies) = postProject
		{18413180-2DC2-4A92-95BC-5A9C1275C046} = {18413180-2DC2-4A92-95BC-5A9C1275C046}
	EndProjectSection
EndProject
Project("{8BC9CEB8-8B4A-11D0-8D11-00A0C91BC942}") = "MeshGeneration", "MeshGeneration\MeshGeneration.vcxproj", "{1D749F4B-E4F5-4E1E-A230-25CE18D74CE4}"
	ProjectSection(ProjectDependencies) = postProject
		{18413180-2DC2-4A92-95BC-5A9C1275C046} = {18413180-2DC2-4A92-95BC-5A9C1275C046}
	EndProjectSection
EndProject
Project("{8BC9CEB8-8B4A-11D0-8D11-00A0C91BC942}") = "TracingRays", "TracingRays\TracingRays.vcxproj", "{D01AFCE0-FC9F-4FDC-BE27-CE41EA1BB461}"
	ProjectSection(ProjectDependencies) = postProject
		{2167B941-8A4D-4DBC-8FBA-A709FC1E4CC7} = {2167B941-8A4D-4DBC-8FBA-A709FC1E4CC7}
		{18413180-2DC2-4A92-95BC-5A9C1275C046} = {18413180-2DC2-4A92-95BC-5A9C1275C046}
	EndProjectSection
EndProject
Project("{8BC9CEB8-8B4A-11D0-8D11-00A0C91BC942}") = "Core", "Core\Core.vcxproj", "{18413180-2DC2-4A92-95BC-5A9C1275C046}"
EndProject
Global
	GlobalSection(SolutionConfigurationPlatforms) = preSolution
		Debug|x64 = Debug|x64
		Debug|x86 = Debug|x86
		Release|x64 = Release|x64
		Release|x86 = Release|x86
	EndGlobalSection
	GlobalSection(ProjectConfigurationPlatforms) = postSolution
		{2167B941-8A4D-4DBC-8FBA-A709FC1E4CC7}.Debug|x64.ActiveCfg = Debug|x64
		{2167B941-8A4D-4DBC-8FBA-A709FC1E4CC7}.Debug|x64.Build.0 = Debug|x64
		{2167B941-8A4D-4DBC-8FBA-A709FC1E4CC7}.Debug|x86.ActiveCfg = Debug|Win32
		{2167B941-8A4D-4DBC-8FBA-A709FC1E4CC7}.Debug|x86.Build.0 = Debug|Win32
		{2167B941-8A4D-4DBC-8FBA-A709FC1E4CC7}.Release|x64.ActiveCfg = Release|x64
		{2167B941-8A4D-4DBC-8FBA-A709FC1E4CC7}.Release|x64.Build.0 = Release|x64
		{2167B941-8A4D-4DBC-8FBA-A709FC1E4CC7}.Release|x86.ActiveCfg = Release|Win32
		{2167B941-8A4D-4DBC-8FBA-A709FC1E4CC7}.Release|x86.Build.0 = Release|Win32
		{1D749F4B-E4F5-4E1E-A230-25CE18D74CE4}.Debug|x64.ActiveCfg = Debug|x64
		{1D749F4B-E4F5-4E1E-A230-25CE18D74CE4}.Debug|x64.Build.0 = Debug|x64
		{1D749F4B-E4F5-4E1E-A230-25CE18D74CE4}.Debug|x86.ActiveCfg = Debug|Win32
		{1D749F4B-E4F5-4E1E-A230-25CE18D74CE4}.Debug|x86.Build.0 = Debug|Win32
		{1D749F4B-E4F5-4E1E-A230-25CE18D74CE4}.Release|x64.ActiveCfg = Release|x64
		{1D749F4B-E4F5-4E1E-A230-25CE18D74CE4}.Release|x64.Build.0 = Release|x64
		{1D749F4B-E4F5-4E1E-A230-25CE18D74CE4}.Release|x86.ActiveCfg = Release|Win32
		{1D749F4B-E4F5-4E1E-A230-25CE18D74CE4}.Release|x86.Build.0 = Release|Win32
		{D01AFCE0-FC9F-4FDC-BE27-CE41EA1BB461}.Debug|x64.ActiveCfg = Debug|x64
		{D01AFCE0-FC9F-4FDC-BE27-CE41EA1BB461}.Debug|x64.Build.0 = Debug|x64
		{D01AFCE0-FC9F-4FDC-BE27-CE41EA1BB461}.Debug|x86.ActiveCfg = Debug|Win32
		{D01AFCE0-FC9F-4FDC-BE27-CE41EA1BB461}.Debug|x86.Build.0 = Debug|Win32
		{D01AFCE0-FC9F-4FDC-BE27-CE41EA1BB461}.Release|x64.ActiveCfg = Release|x64
		{D01AFCE0-FC9F-4FDC-BE27-CE41EA1BB461}.Release|x64.Build.0 = Release|x64
		{D01AFCE0-FC9F-4FDC-BE27-CE41EA1BB461}.Release|x86.ActiveCfg = Release|Win32
		{D01AFCE0-FC9F-4FDC-BE27-CE41EA1BB461}.Release|x86.Build.0 = Release|Win32
		{18413180-2DC2-4A92-95BC-5A9C1275C046}.Debug|x64.ActiveCfg = Debug|x64
		{18413180-2DC2-4A92-95BC-5A9C1275C046}.Debug|x64.Build.0 = Debug|x64
		{18413180-2DC2-4A92-95BC-5A9C1275C046}.Debug|x86.ActiveCfg = Debug|Win32
		{18413180-2DC2-4A92-95BC-5A9C1275C046}.Debug|x86.Build.0 = Debug|Win32
		{18413180-2DC2-4A92-95BC-5A9C1275C046}.Release|x64.ActiveCfg = Release|x64
		{18413180-2DC2-4A92-95BC-5A9C1275C046}.Release|x64.Build.0 = Release|x64
		{18413180-2DC2-4A92-95BC-5A9C1275C046}.Release|x86.ActiveCfg = Release|Win32
		{18413180-2DC2-4A92-95BC-5A9C1275C046}.Release|x86.Build.0 = Release|Win32
	EndGlobalSection
	GlobalSection(SolutionProperties) = preSolution
		HideSolutionNode = FALSE
	EndGlobalSection
	GlobalSection(ExtensibilityGlobals) = postSolution
		SolutionGuid = {4C5DC689-F48F-4981-A950-64B3CDBF2C01}
	EndGlobalSection
EndGlobal
